
Microsoft Visual Studio Solution File, Format Version 12.00
# Visual Studio 2015
Project("{FAE04EC0-301F-11D3-BF4B-00C04F79EFBC}") = "Flashlight script.CSharp.Plugins", "Flashlight script.CSharp.Plugins.csproj", "{E5D6AA25-6CBD-B37E-2819-771FD35C7988}"
EndProject
Project("{FAE04EC0-301F-11D3-BF4B-00C04F79EFBC}") = "Flashlight script.CSharp", "Flashlight script.CSharp.csproj", "{C0CBCAD1-2FE7-D2E8-D4A0-687084FBBC36}"
EndProject
Project("{FAE04EC0-301F-11D3-BF4B-00C04F79EFBC}") = "Flashlight script.CSharp.Editor", "Flashlight script.CSharp.Editor.csproj", "{38BA42E7-6C11-543F-6943-32BB8E6DB815}"
EndProject
Global
	GlobalSection(SolutionConfigurationPlatforms) = preSolution
		Debug|Any CPU = Debug|Any CPU
		Release|Any CPU = Release|Any CPU
	EndGlobalSection
	GlobalSection(ProjectConfigurationPlatforms) = postSolution
		{E5D6AA25-6CBD-B37E-2819-771FD35C7988}.Debug|Any CPU.ActiveCfg = Debug|Any CPU
		{E5D6AA25-6CBD-B37E-2819-771FD35C7988}.Debug|Any CPU.Build.0 = Debug|Any CPU
		{E5D6AA25-6CBD-B37E-2819-771FD35C7988}.Release|Any CPU.ActiveCfg = Release|Any CPU
		{E5D6AA25-6CBD-B37E-2819-771FD35C7988}.Release|Any CPU.Build.0 = Release|Any CPU
		{C0CBCAD1-2FE7-D2E8-D4A0-687084FBBC36}.Debug|Any CPU.ActiveCfg = Debug|Any CPU
		{C0CBCAD1-2FE7-D2E8-D4A0-687084FBBC36}.Debug|Any CPU.Build.0 = Debug|Any CPU
		{C0CBCAD1-2FE7-D2E8-D4A0-687084FBBC36}.Release|Any CPU.ActiveCfg = Release|Any CPU
		{C0CBCAD1-2FE7-D2E8-D4A0-687084FBBC36}.Release|Any CPU.Build.0 = Release|Any CPU
		{38BA42E7-6C11-543F-6943-32BB8E6DB815}.Debug|Any CPU.ActiveCfg = Debug|Any CPU
		{38BA42E7-6C11-543F-6943-32BB8E6DB815}.Debug|Any CPU.Build.0 = Debug|Any CPU
		{38BA42E7-6C11-543F-6943-32BB8E6DB815}.Release|Any CPU.ActiveCfg = Release|Any CPU
		{38BA42E7-6C11-543F-6943-32BB8E6DB815}.Release|Any CPU.Build.0 = Release|Any CPU
	EndGlobalSection
	GlobalSection(SolutionProperties) = preSolution
		HideSolutionNode = FALSE
	EndGlobalSection
EndGlobal
