Microsoft Visual Studio Solution File, Format Version 11.00
# Visual Studio 2008

Project("{EC669885-2F79-E1F4-C741-EACF84C53872}") = "Checkpoint System", "Assembly-CSharp-firstpass.csproj", "{664D3E87-1689-95AF-3B03-F753AEA941A5}"
EndProject
Project("{EC669885-2F79-E1F4-C741-EACF84C53872}") = "Checkpoint System", "Assembly-CSharp.csproj", "{1E97F419-DDE4-4B4C-74C9-D716E41B5A39}"
EndProject
Project("{EC669885-2F79-E1F4-C741-EACF84C53872}") = "Checkpoint System", "Assembly-CSharp-Editor.csproj", "{AE8A37F5-E8E9-F749-5958-82E9B06481E6}"
EndProject
Global
	GlobalSection(SolutionConfigurationPlatforms) = preSolution
		Debug|Any CPU = Debug|Any CPU
		Release|Any CPU = Release|Any CPU
	EndGlobalSection
	GlobalSection(ProjectConfigurationPlatforms) = postSolution
		{664D3E87-1689-95AF-3B03-F753AEA941A5}.Debug|Any CPU.ActiveCfg = Debug|Any CPU
		{664D3E87-1689-95AF-3B03-F753AEA941A5}.Debug|Any CPU.Build.0 = Debug|Any CPU
		{664D3E87-1689-95AF-3B03-F753AEA941A5}.Release|Any CPU.ActiveCfg = Release|Any CPU
		{664D3E87-1689-95AF-3B03-F753AEA941A5}.Release|Any CPU.Build.0 = Release|Any CPU
		{1E97F419-DDE4-4B4C-74C9-D716E41B5A39}.Debug|Any CPU.ActiveCfg = Debug|Any CPU
		{1E97F419-DDE4-4B4C-74C9-D716E41B5A39}.Debug|Any CPU.Build.0 = Debug|Any CPU
		{1E97F419-DDE4-4B4C-74C9-D716E41B5A39}.Release|Any CPU.ActiveCfg = Release|Any CPU
		{1E97F419-DDE4-4B4C-74C9-D716E41B5A39}.Release|Any CPU.Build.0 = Release|Any CPU
		{AE8A37F5-E8E9-F749-5958-82E9B06481E6}.Debug|Any CPU.ActiveCfg = Debug|Any CPU
		{AE8A37F5-E8E9-F749-5958-82E9B06481E6}.Debug|Any CPU.Build.0 = Debug|Any CPU
		{AE8A37F5-E8E9-F749-5958-82E9B06481E6}.Release|Any CPU.ActiveCfg = Release|Any CPU
		{AE8A37F5-E8E9-F749-5958-82E9B06481E6}.Release|Any CPU.Build.0 = Release|Any CPU
	EndGlobalSection
	GlobalSection(SolutionProperties) = preSolution
		HideSolutionNode = FALSE
	EndGlobalSection
	GlobalSection(MonoDevelopProperties) = preSolution
		StartupItem = Assembly-CSharp.csproj
	EndGlobalSection
EndGlobal
